// !$*UTF8*$!
{
	archiveVersion = 1;
	classes = {
	};
	objectVersion = 56;
	objects = {

/* Begin PBXBuildFile section */
		267B0FEA2B8FE8C5006DADA1 /* SwErlDemoApp.swift in Sources */ = {isa = PBXBuildFile; fileRef = 267B0FE92B8FE8C5006DADA1 /* SwErlDemoApp.swift */; };
		267B0FEC2B8FE8C5006DADA1 /* ContentView.swift in Sources */ = {isa = PBXBuildFile; fileRef = 267B0FEB2B8FE8C5006DADA1 /* ContentView.swift */; };
		267B0FEE2B8FE8C6006DADA1 /* Assets.xcassets in Resources */ = {isa = PBXBuildFile; fileRef = 267B0FED2B8FE8C6006DADA1 /* Assets.xcassets */; };
		267B0FF12B8FE8C6006DADA1 /* Preview Assets.xcassets in Resources */ = {isa = PBXBuildFile; fileRef = 267B0FF02B8FE8C6006DADA1 /* Preview Assets.xcassets */; };
		267B0FFB2B8FE8C6006DADA1 /* SwErlDemoTests.swift in Sources */ = {isa = PBXBuildFile; fileRef = 267B0FFA2B8FE8C6006DADA1 /* SwErlDemoTests.swift */; };
		267B10052B8FE8C6006DADA1 /* SwErlDemoUITests.swift in Sources */ = {isa = PBXBuildFile; fileRef = 267B10042B8FE8C6006DADA1 /* SwErlDemoUITests.swift */; };
		267B10072B8FE8C6006DADA1 /* SwErlDemoUITestsLaunchTests.swift in Sources */ = {isa = PBXBuildFile; fileRef = 267B10062B8FE8C6006DADA1 /* SwErlDemoUITestsLaunchTests.swift */; };
		267B10162B8FE9D3006DADA1 /* SwErl in Frameworks */ = {isa = PBXBuildFile; productRef = 267B10152B8FE9D3006DADA1 /* SwErl */; };
/* End PBXBuildFile section */

/* Begin PBXContainerItemProxy section */
		267B0FF72B8FE8C6006DADA1 /* PBXContainerItemProxy */ = {
			isa = PBXContainerItemProxy;
			containerPortal = 267B0FDE2B8FE8C5006DADA1 /* Project object */;
			proxyType = 1;
			remoteGlobalIDString = 267B0FE52B8FE8C5006DADA1;
			remoteInfo = SwErlDemo;
		};
		267B10012B8FE8C6006DADA1 /* PBXContainerItemProxy */ = {
			isa = PBXContainerItemProxy;
			containerPortal = 267B0FDE2B8FE8C5006DADA1 /* Project object */;
			proxyType = 1;
			remoteGlobalIDString = 267B0FE52B8FE8C5006DADA1;
			remoteInfo = SwErlDemo;
		};
/* End PBXContainerItemProxy section */

/* Begin PBXFileReference section */
		267B0FE62B8FE8C5006DADA1 /* SwErlDemo.app */ = {isa = PBXFileReference; explicitFileType = wrapper.application; includeInIndex = 0; path = SwErlDemo.app; sourceTree = BUILT_PRODUCTS_DIR; };
		267B0FE92B8FE8C5006DADA1 /* SwErlDemoApp.swift */ = {isa = PBXFileReference; lastKnownFileType = sourcecode.swift; path = SwErlDemoApp.swift; sourceTree = "<group>"; };
		267B0FEB2B8FE8C5006DADA1 /* ContentView.swift */ = {isa = PBXFileReference; lastKnownFileType = sourcecode.swift; path = ContentView.swift; sourceTree = "<group>"; };
		267B0FED2B8FE8C6006DADA1 /* Assets.xcassets */ = {isa = PBXFileReference; lastKnownFileType = folder.assetcatalog; path = Assets.xcassets; sourceTree = "<group>"; };
		267B0FF02B8FE8C6006DADA1 /* Preview Assets.xcassets */ = {isa = PBXFileReference; lastKnownFileType = folder.assetcatalog; path = "Preview Assets.xcassets"; sourceTree = "<group>"; };
		267B0FF62B8FE8C6006DADA1 /* SwErlDemoTests.xctest */ = {isa = PBXFileReference; explicitFileType = wrapper.cfbundle; includeInIndex = 0; path = SwErlDemoTests.xctest; sourceTree = BUILT_PRODUCTS_DIR; };
		267B0FFA2B8FE8C6006DADA1 /* SwErlDemoTests.swift */ = {isa = PBXFileReference; lastKnownFileType = sourcecode.swift; path = SwErlDemoTests.swift; sourceTree = "<group>"; };
		267B10002B8FE8C6006DADA1 /* SwErlDemoUITests.xctest */ = {isa = PBXFileReference; explicitFileType = wrapper.cfbundle; includeInIndex = 0; path = SwErlDemoUITests.xctest; sourceTree = BUILT_PRODUCTS_DIR; };
		267B10042B8FE8C6006DADA1 /* SwErlDemoUITests.swift */ = {isa = PBXFileReference; lastKnownFileType = sourcecode.swift; path = SwErlDemoUITests.swift; sourceTree = "<group>"; };
		267B10062B8FE8C6006DADA1 /* SwErlDemoUITestsLaunchTests.swift */ = {isa = PBXFileReference; lastKnownFileType = sourcecode.swift; path = SwErlDemoUITestsLaunchTests.swift; sourceTree = "<group>"; };
		267B10132B8FE90B006DADA1 /* SwErlDemo.entitlements */ = {isa = PBXFileReference; lastKnownFileType = text.plist.entitlements; path = SwErlDemo.entitlements; sourceTree = "<group>"; };
/* End PBXFileReference section */

/* Begin PBXFrameworksBuildPhase section */
		267B0FE32B8FE8C5006DADA1 /* Frameworks */ = {
			isa = PBXFrameworksBuildPhase;
			buildActionMask = 2147483647;
			files = (
				267B10162B8FE9D3006DADA1 /* SwErl in Frameworks */,
			);
			runOnlyForDeploymentPostprocessing = 0;
		};
		267B0FF32B8FE8C6006DADA1 /* Frameworks */ = {
			isa = PBXFrameworksBuildPhase;
			buildActionMask = 2147483647;
			files = (
			);
			runOnlyForDeploymentPostprocessing = 0;
		};
		267B0FFD2B8FE8C6006DADA1 /* Frameworks */ = {
			isa = PBXFrameworksBuildPhase;
			buildActionMask = 2147483647;
			files = (
			);
			runOnlyForDeploymentPostprocessing = 0;
		};
/* End PBXFrameworksBuildPhase section */

/* Begin PBXGroup section */
		267B0FDD2B8FE8C5006DADA1 = {
			isa = PBXGroup;
			children = (
				267B0FE82B8FE8C5006DADA1 /* SwErlDemo */,
				267B0FF92B8FE8C6006DADA1 /* SwErlDemoTests */,
				267B10032B8FE8C6006DADA1 /* SwErlDemoUITests */,
				267B0FE72B8FE8C5006DADA1 /* Products */,
			);
			sourceTree = "<group>";
		};
		267B0FE72B8FE8C5006DADA1 /* Products */ = {
			isa = PBXGroup;
			children = (
				267B0FE62B8FE8C5006DADA1 /* SwErlDemo.app */,
				267B0FF62B8FE8C6006DADA1 /* SwErlDemoTests.xctest */,
				267B10002B8FE8C6006DADA1 /* SwErlDemoUITests.xctest */,
			);
			name = Products;
			sourceTree = "<group>";
		};
		267B0FE82B8FE8C5006DADA1 /* SwErlDemo */ = {
			isa = PBXGroup;
			children = (
				267B10132B8FE90B006DADA1 /* SwErlDemo.entitlements */,
				267B0FE92B8FE8C5006DADA1 /* SwErlDemoApp.swift */,
				267B0FEB2B8FE8C5006DADA1 /* ContentView.swift */,
				267B0FED2B8FE8C6006DADA1 /* Assets.xcassets */,
				267B0FEF2B8FE8C6006DADA1 /* Preview Content */,
			);
			path = SwErlDemo;
			sourceTree = "<group>";
		};
		267B0FEF2B8FE8C6006DADA1 /* Preview Content */ = {
			isa = PBXGroup;
			children = (
				267B0FF02B8FE8C6006DADA1 /* Preview Assets.xcassets */,
			);
			path = "Preview Content";
			sourceTree = "<group>";
		};
		267B0FF92B8FE8C6006DADA1 /* SwErlDemoTests */ = {
			isa = PBXGroup;
			children = (
				267B0FFA2B8FE8C6006DADA1 /* SwErlDemoTests.swift */,
			);
			path = SwErlDemoTests;
			sourceTree = "<group>";
		};
		267B10032B8FE8C6006DADA1 /* SwErlDemoUITests */ = {
			isa = PBXGroup;
			children = (
				267B10042B8FE8C6006DADA1 /* SwErlDemoUITests.swift */,
				267B10062B8FE8C6006DADA1 /* SwErlDemoUITestsLaunchTests.swift */,
			);
			path = SwErlDemoUITests;
			sourceTree = "<group>";
		};
/* End PBXGroup section */

/* Begin PBXNativeTarget section */
		267B0FE52B8FE8C5006DADA1 /* SwErlDemo */ = {
			isa = PBXNativeTarget;
			buildConfigurationList = 267B100A2B8FE8C6006DADA1 /* Build configuration list for PBXNativeTarget "SwErlDemo" */;
			buildPhases = (
				267B0FE22B8FE8C5006DADA1 /* Sources */,
				267B0FE32B8FE8C5006DADA1 /* Frameworks */,
				267B0FE42B8FE8C5006DADA1 /* Resources */,
			);
			buildRules = (
			);
			dependencies = (
			);
			name = SwErlDemo;
			packageProductDependencies = (
				267B10152B8FE9D3006DADA1 /* SwErl */,
			);
			productName = SwErlDemo;
			productReference = 267B0FE62B8FE8C5006DADA1 /* SwErlDemo.app */;
			productType = "com.apple.product-type.application";
		};
		267B0FF52B8FE8C6006DADA1 /* SwErlDemoTests */ = {
			isa = PBXNativeTarget;
			buildConfigurationList = 267B100D2B8FE8C6006DADA1 /* Build configuration list for PBXNativeTarget "SwErlDemoTests" */;
			buildPhases = (
				267B0FF22B8FE8C6006DADA1 /* Sources */,
				267B0FF32B8FE8C6006DADA1 /* Frameworks */,
				267B0FF42B8FE8C6006DADA1 /* Resources */,
			);
			buildRules = (
			);
			dependencies = (
				267B0FF82B8FE8C6006DADA1 /* PBXTargetDependency */,
			);
			name = SwErlDemoTests;
			productName = SwErlDemoTests;
			productReference = 267B0FF62B8FE8C6006DADA1 /* SwErlDemoTests.xctest */;
			productType = "com.apple.product-type.bundle.unit-test";
		};
		267B0FFF2B8FE8C6006DADA1 /* SwErlDemoUITests */ = {
			isa = PBXNativeTarget;
			buildConfigurationList = 267B10102B8FE8C6006DADA1 /* Build configuration list for PBXNativeTarget "SwErlDemoUITests" */;
			buildPhases = (
				267B0FFC2B8FE8C6006DADA1 /* Sources */,
				267B0FFD2B8FE8C6006DADA1 /* Frameworks */,
				267B0FFE2B8FE8C6006DADA1 /* Resources */,
			);
			buildRules = (
			);
			dependencies = (
				267B10022B8FE8C6006DADA1 /* PBXTargetDependency */,
			);
			name = SwErlDemoUITests;
			productName = SwErlDemoUITests;
			productReference = 267B10002B8FE8C6006DADA1 /* SwErlDemoUITests.xctest */;
			productType = "com.apple.product-type.bundle.ui-testing";
		};
/* End PBXNativeTarget section */

/* Begin PBXProject section */
		267B0FDE2B8FE8C5006DADA1 /* Project object */ = {
			isa = PBXProject;
			attributes = {
				BuildIndependentTargetsInParallel = 1;
				LastSwiftUpdateCheck = 1520;
				LastUpgradeCheck = 1520;
				TargetAttributes = {
					267B0FE52B8FE8C5006DADA1 = {
						CreatedOnToolsVersion = 15.2;
					};
					267B0FF52B8FE8C6006DADA1 = {
						CreatedOnToolsVersion = 15.2;
						TestTargetID = 267B0FE52B8FE8C5006DADA1;
					};
					267B0FFF2B8FE8C6006DADA1 = {
						CreatedOnToolsVersion = 15.2;
						TestTargetID = 267B0FE52B8FE8C5006DADA1;
					};
				};
			};
			buildConfigurationList = 267B0FE12B8FE8C5006DADA1 /* Build configuration list for PBXProject "SwErlDemo" */;
			compatibilityVersion = "Xcode 14.0";
			developmentRegion = en;
			hasScannedForEncodings = 0;
			knownRegions = (
				en,
				Base,
			);
			mainGroup = 267B0FDD2B8FE8C5006DADA1;
			packageReferences = (
				267B10142B8FE9D3006DADA1 /* XCRemoteSwiftPackageReference "SwErl" */,
			);
			productRefGroup = 267B0FE72B8FE8C5006DADA1 /* Products */;
			projectDirPath = "";
			projectRoot = "";
			targets = (
				267B0FE52B8FE8C5006DADA1 /* SwErlDemo */,
				267B0FF52B8FE8C6006DADA1 /* SwErlDemoTests */,
				267B0FFF2B8FE8C6006DADA1 /* SwErlDemoUITests */,
			);
		};
/* End PBXProject section */

/* Begin PBXResourcesBuildPhase section */
		267B0FE42B8FE8C5006DADA1 /* Resources */ = {
			isa = PBXResourcesBuildPhase;
			buildActionMask = 2147483647;
			files = (
				267B0FF12B8FE8C6006DADA1 /* Preview Assets.xcassets in Resources */,
				267B0FEE2B8FE8C6006DADA1 /* Assets.xcassets in Resources */,
			);
			runOnlyForDeploymentPostprocessing = 0;
		};
		267B0FF42B8FE8C6006DADA1 /* Resources */ = {
			isa = PBXResourcesBuildPhase;
			buildActionMask = 2147483647;
			files = (
			);
			runOnlyForDeploymentPostprocessing = 0;
		};
		267B0FFE2B8FE8C6006DADA1 /* Resources */ = {
			isa = PBXResourcesBuildPhase;
			buildActionMask = 2147483647;
			files = (
			);
			runOnlyForDeploymentPostprocessing = 0;
		};
/* End PBXResourcesBuildPhase section */

/* Begin PBXSourcesBuildPhase section */
		267B0FE22B8FE8C5006DADA1 /* Sources */ = {
			isa = PBXSourcesBuildPhase;
			buildActionMask = 2147483647;
			files = (
				267B0FEC2B8FE8C5006DADA1 /* ContentView.swift in Sources */,
				267B0FEA2B8FE8C5006DADA1 /* SwErlDemoApp.swift in Sources */,
			);
			runOnlyForDeploymentPostprocessing = 0;
		};
		267B0FF22B8FE8C6006DADA1 /* Sources */ = {
			isa = PBXSourcesBuildPhase;
			buildActionMask = 2147483647;
			files = (
				267B0FFB2B8FE8C6006DADA1 /* SwErlDemoTests.swift in Sources */,
			);
			runOnlyForDeploymentPostprocessing = 0;
		};
		267B0FFC2B8FE8C6006DADA1 /* Sources */ = {
			isa = PBXSourcesBuildPhase;
			buildActionMask = 2147483647;
			files = (
				267B10052B8FE8C6006DADA1 /* SwErlDemoUITests.swift in Sources */,
				267B10072B8FE8C6006DADA1 /* SwErlDemoUITestsLaunchTests.swift in Sources */,
			);
			runOnlyForDeploymentPostprocessing = 0;
		};
/* End PBXSourcesBuildPhase section */

/* Begin PBXTargetDependency section */
		267B0FF82B8FE8C6006DADA1 /* PBXTargetDependency */ = {
			isa = PBXTargetDependency;
			target = 267B0FE52B8FE8C5006DADA1 /* SwErlDemo */;
			targetProxy = 267B0FF72B8FE8C6006DADA1 /* PBXContainerItemProxy */;
		};
		267B10022B8FE8C6006DADA1 /* PBXTargetDependency */ = {
			isa = PBXTargetDependency;
			target = 267B0FE52B8FE8C5006DADA1 /* SwErlDemo */;
			targetProxy = 267B10012B8FE8C6006DADA1 /* PBXContainerItemProxy */;
		};
/* End PBXTargetDependency section */

/* Begin XCBuildConfiguration section */
		267B10082B8FE8C6006DADA1 /* Debug */ = {
			isa = XCBuildConfiguration;
			buildSettings = {
				ALWAYS_SEARCH_USER_PATHS = NO;
				ASSETCATALOG_COMPILER_GENERATE_SWIFT_ASSET_SYMBOL_EXTENSIONS = YES;
				CLANG_ANALYZER_NONNULL = YES;
				CLANG_ANALYZER_NUMBER_OBJECT_CONVERSION = YES_AGGRESSIVE;
				CLANG_CXX_LANGUAGE_STANDARD = "gnu++20";
				CLANG_ENABLE_MODULES = YES;
				CLANG_ENABLE_OBJC_ARC = YES;
				CLANG_ENABLE_OBJC_WEAK = YES;
				CLANG_WARN_BLOCK_CAPTURE_AUTORELEASING = YES;
				CLANG_WARN_BOOL_CONVERSION = YES;
				CLANG_WARN_COMMA = YES;
				CLANG_WARN_CONSTANT_CONVERSION = YES;
				CLANG_WARN_DEPRECATED_OBJC_IMPLEMENTATIONS = YES;
				CLANG_WARN_DIRECT_OBJC_ISA_USAGE = YES_ERROR;
				CLANG_WARN_DOCUMENTATION_COMMENTS = YES;
				CLANG_WARN_EMPTY_BODY = YES;
				CLANG_WARN_ENUM_CONVERSION = YES;
				CLANG_WARN_INFINITE_RECURSION = YES;
				CLANG_WARN_INT_CONVERSION = YES;
				CLANG_WARN_NON_LITERAL_NULL_CONVERSION = YES;
				CLANG_WARN_OBJC_IMPLICIT_RETAIN_SELF = YES;
				CLANG_WARN_OBJC_LITERAL_CONVERSION = YES;
				CLANG_WARN_OBJC_ROOT_CLASS = YES_ERROR;
				CLANG_WARN_QUOTED_INCLUDE_IN_FRAMEWORK_HEADER = YES;
				CLANG_WARN_RANGE_LOOP_ANALYSIS = YES;
				CLANG_WARN_STRICT_PROTOTYPES = YES;
				CLANG_WARN_SUSPICIOUS_MOVE = YES;
				CLANG_WARN_UNGUARDED_AVAILABILITY = YES_AGGRESSIVE;
				CLANG_WARN_UNREACHABLE_CODE = YES;
				CLANG_WARN__DUPLICATE_METHOD_MATCH = YES;
				COPY_PHASE_STRIP = NO;
				DEBUG_INFORMATION_FORMAT = dwarf;
				ENABLE_STRICT_OBJC_MSGSEND = YES;
				ENABLE_TESTABILITY = YES;
				ENABLE_USER_SCRIPT_SANDBOXING = YES;
				GCC_C_LANGUAGE_STANDARD = gnu17;
				GCC_DYNAMIC_NO_PIC = NO;
				GCC_NO_COMMON_BLOCKS = YES;
				GCC_OPTIMIZATION_LEVEL = 0;
				GCC_PREPROCESSOR_DEFINITIONS = (
					"DEBUG=1",
					"$(inherited)",
				);
				GCC_WARN_64_TO_32_BIT_CONVERSION = YES;
				GCC_WARN_ABOUT_RETURN_TYPE = YES_ERROR;
				GCC_WARN_UNDECLARED_SELECTOR = YES;
				GCC_WARN_UNINITIALIZED_AUTOS = YES_AGGRESSIVE;
				GCC_WARN_UNUSED_FUNCTION = YES;
				GCC_WARN_UNUSED_VARIABLE = YES;
				IPHONEOS_DEPLOYMENT_TARGET = 17.2;
				LOCALIZATION_PREFERS_STRING_CATALOGS = YES;
				MTL_ENABLE_DEBUG_INFO = INCLUDE_SOURCE;
				MTL_FAST_MATH = YES;
				ONLY_ACTIVE_ARCH = YES;
				SDKROOT = iphoneos;
				SWIFT_ACTIVE_COMPILATION_CONDITIONS = "DEBUG $(inherited)";
				SWIFT_OPTIMIZATION_LEVEL = "-Onone";
			};
			name = Debug;
		};
		267B10092B8FE8C6006DADA1 /* Release */ = {
			isa = XCBuildConfiguration;
			buildSettings = {
				ALWAYS_SEARCH_USER_PATHS = NO;
				ASSETCATALOG_COMPILER_GENERATE_SWIFT_ASSET_SYMBOL_EXTENSIONS = YES;
				CLANG_ANALYZER_NONNULL = YES;
				CLANG_ANALYZER_NUMBER_OBJECT_CONVERSION = YES_AGGRESSIVE;
				CLANG_CXX_LANGUAGE_STANDARD = "gnu++20";
				CLANG_ENABLE_MODULES = YES;
				CLANG_ENABLE_OBJC_ARC = YES;
				CLANG_ENABLE_OBJC_WEAK = YES;
				CLANG_WARN_BLOCK_CAPTURE_AUTORELEASING = YES;
				CLANG_WARN_BOOL_CONVERSION = YES;
				CLANG_WARN_COMMA = YES;
				CLANG_WARN_CONSTANT_CONVERSION = YES;
				CLANG_WARN_DEPRECATED_OBJC_IMPLEMENTATIONS = YES;
				CLANG_WARN_DIRECT_OBJC_ISA_USAGE = YES_ERROR;
				CLANG_WARN_DOCUMENTATION_COMMENTS = YES;
				CLANG_WARN_EMPTY_BODY = YES;
				CLANG_WARN_ENUM_CONVERSION = YES;
				CLANG_WARN_INFINITE_RECURSION = YES;
				CLANG_WARN_INT_CONVERSION = YES;
				CLANG_WARN_NON_LITERAL_NULL_CONVERSION = YES;
				CLANG_WARN_OBJC_IMPLICIT_RETAIN_SELF = YES;
				CLANG_WARN_OBJC_LITERAL_CONVERSION = YES;
				CLANG_WARN_OBJC_ROOT_CLASS = YES_ERROR;
				CLANG_WARN_QUOTED_INCLUDE_IN_FRAMEWORK_HEADER = YES;
				CLANG_WARN_RANGE_LOOP_ANALYSIS = YES;
				CLANG_WARN_STRICT_PROTOTYPES = YES;
				CLANG_WARN_SUSPICIOUS_MOVE = YES;
				CLANG_WARN_UNGUARDED_AVAILABILITY = YES_AGGRESSIVE;
				CLANG_WARN_UNREACHABLE_CODE = YES;
				CLANG_WARN__DUPLICATE_METHOD_MATCH = YES;
				COPY_PHASE_STRIP = NO;
				DEBUG_INFORMATION_FORMAT = "dwarf-with-dsym";
				ENABLE_NS_ASSERTIONS = NO;
				ENABLE_STRICT_OBJC_MSGSEND = YES;
				ENABLE_USER_SCRIPT_SANDBOXING = YES;
				GCC_C_LANGUAGE_STANDARD = gnu17;
				GCC_NO_COMMON_BLOCKS = YES;
				GCC_WARN_64_TO_32_BIT_CONVERSION = YES;
				GCC_WARN_ABOUT_RETURN_TYPE = YES_ERROR;
				GCC_WARN_UNDECLARED_SELECTOR = YES;
				GCC_WARN_UNINITIALIZED_AUTOS = YES_AGGRESSIVE;
				GCC_WARN_UNUSED_FUNCTION = YES;
				GCC_WARN_UNUSED_VARIABLE = YES;
				IPHONEOS_DEPLOYMENT_TARGET = 17.2;
				LOCALIZATION_PREFERS_STRING_CATALOGS = YES;
				MTL_ENABLE_DEBUG_INFO = NO;
				MTL_FAST_MATH = YES;
				SDKROOT = iphoneos;
				SWIFT_COMPILATION_MODE = wholemodule;
				VALIDATE_PRODUCT = YES;
			};
			name = Release;
		};
		267B100B2B8FE8C6006DADA1 /* Debug */ = {
			isa = XCBuildConfiguration;
			buildSettings = {
				ASSETCATALOG_COMPILER_APPICON_NAME = AppIcon;
				ASSETCATALOG_COMPILER_GLOBAL_ACCENT_COLOR_NAME = AccentColor;
				CODE_SIGN_ENTITLEMENTS = SwErlDemo/SwErlDemo.entitlements;
				CODE_SIGN_STYLE = Automatic;
				CURRENT_PROJECT_VERSION = 1;
				DEVELOPMENT_ASSET_PATHS = "\"SwErlDemo/Preview Content\"";
				DEVELOPMENT_TEAM = 4PP6CF7YNT;
				ENABLE_PREVIEWS = YES;
				GENERATE_INFOPLIST_FILE = YES;
				INFOPLIST_KEY_UIApplicationSceneManifest_Generation = YES;
				INFOPLIST_KEY_UIApplicationSupportsIndirectInputEvents = YES;
				INFOPLIST_KEY_UILaunchScreen_Generation = YES;
				INFOPLIST_KEY_UISupportedInterfaceOrientations_iPad = "UIInterfaceOrientationPortrait UIInterfaceOrientationPortraitUpsideDown UIInterfaceOrientationLandscapeLeft UIInterfaceOrientationLandscapeRight";
				INFOPLIST_KEY_UISupportedInterfaceOrientations_iPhone = "UIInterfaceOrientationPortrait UIInterfaceOrientationLandscapeLeft UIInterfaceOrientationLandscapeRight";
				LD_RUNPATH_SEARCH_PATHS = (
					"$(inherited)",
					"@executable_path/Frameworks",
				);
				MARKETING_VERSION = 1.0;
				PRODUCT_BUNDLE_IDENTIFIER = org.barney.lee.SwErlDemo;
				PRODUCT_NAME = "$(TARGET_NAME)";
				SUPPORTED_PLATFORMS = "iphoneos iphonesimulator";
				SUPPORTS_MACCATALYST = YES;
				SUPPORTS_MAC_DESIGNED_FOR_IPHONE_IPAD = NO;
				SUPPORTS_XR_DESIGNED_FOR_IPHONE_IPAD = NO;
				SWIFT_EMIT_LOC_STRINGS = YES;
				SWIFT_VERSION = 5.0;
				TARGETED_DEVICE_FAMILY = "1,2";
			};
			name = Debug;
		};
		267B100C2B8FE8C6006DADA1 /* Release */ = {
			isa = XCBuildConfiguration;
			buildSettings = {
				ASSETCATALOG_COMPILER_APPICON_NAME = AppIcon;
				ASSETCATALOG_COMPILER_GLOBAL_ACCENT_COLOR_NAME = AccentColor;
				CODE_SIGN_ENTITLEMENTS = SwErlDemo/SwErlDemo.entitlements;
				CODE_SIGN_STYLE = Automatic;
				CURRENT_PROJECT_VERSION = 1;
				DEVELOPMENT_ASSET_PATHS = "\"SwErlDemo/Preview Content\"";
				DEVELOPMENT_TEAM = 4PP6CF7YNT;
				ENABLE_PREVIEWS = YES;
				GENERATE_INFOPLIST_FILE = YES;
				INFOPLIST_KEY_UIApplicationSceneManifest_Generation = YES;
				INFOPLIST_KEY_UIApplicationSupportsIndirectInputEvents = YES;
				INFOPLIST_KEY_UILaunchScreen_Generation = YES;
				INFOPLIST_KEY_UISupportedInterfaceOrientations_iPad = "UIInterfaceOrientationPortrait UIInterfaceOrientationPortraitUpsideDown UIInterfaceOrientationLandscapeLeft UIInterfaceOrientationLandscapeRight";
				INFOPLIST_KEY_UISupportedInterfaceOrientations_iPhone = "UIInterfaceOrientationPortrait UIInterfaceOrientationLandscapeLeft UIInterfaceOrientationLandscapeRight";
				LD_RUNPATH_SEARCH_PATHS = (
					"$(inherited)",
					"@executable_path/Frameworks",
				);
				MARKETING_VERSION = 1.0;
				PRODUCT_BUNDLE_IDENTIFIER = org.barney.lee.SwErlDemo;
				PRODUCT_NAME = "$(TARGET_NAME)";
				SUPPORTED_PLATFORMS = "iphoneos iphonesimulator";
				SUPPORTS_MACCATALYST = YES;
				SUPPORTS_MAC_DESIGNED_FOR_IPHONE_IPAD = NO;
				SUPPORTS_XR_DESIGNED_FOR_IPHONE_IPAD = NO;
				SWIFT_EMIT_LOC_STRINGS = YES;
				SWIFT_VERSION = 5.0;
				TARGETED_DEVICE_FAMILY = "1,2";
			};
			name = Release;
		};
		267B100E2B8FE8C6006DADA1 /* Debug */ = {
			isa = XCBuildConfiguration;
			buildSettings = {
				ALWAYS_EMBED_SWIFT_STANDARD_LIBRARIES = YES;
				BUNDLE_LOADER = "$(TEST_HOST)";
				CODE_SIGN_STYLE = Automatic;
				CURRENT_PROJECT_VERSION = 1;
				GENERATE_INFOPLIST_FILE = YES;
				IPHONEOS_DEPLOYMENT_TARGET = 17.2;
				MARKETING_VERSION = 1.0;
				PRODUCT_BUNDLE_IDENTIFIER = org.barney.lee.SwErlDemoTests;
				PRODUCT_NAME = "$(TARGET_NAME)";
				SWIFT_EMIT_LOC_STRINGS = NO;
				SWIFT_VERSION = 5.0;
				TARGETED_DEVICE_FAMILY = "1,2";
				TEST_HOST = "$(BUILT_PRODUCTS_DIR)/SwErlDemo.app/$(BUNDLE_EXECUTABLE_FOLDER_PATH)/SwErlDemo";
			};
			name = Debug;
		};
		267B100F2B8FE8C6006DADA1 /* Release */ = {
			isa = XCBuildConfiguration;
			buildSettings = {
				ALWAYS_EMBED_SWIFT_STANDARD_LIBRARIES = YES;
				BUNDLE_LOADER = "$(TEST_HOST)";
				CODE_SIGN_STYLE = Automatic;
				CURRENT_PROJECT_VERSION = 1;
				GENERATE_INFOPLIST_FILE = YES;
				IPHONEOS_DEPLOYMENT_TARGET = 17.2;
				MARKETING_VERSION = 1.0;
				PRODUCT_BUNDLE_IDENTIFIER = org.barney.lee.SwErlDemoTests;
				PRODUCT_NAME = "$(TARGET_NAME)";
				SWIFT_EMIT_LOC_STRINGS = NO;
				SWIFT_VERSION = 5.0;
				TARGETED_DEVICE_FAMILY = "1,2";
				TEST_HOST = "$(BUILT_PRODUCTS_DIR)/SwErlDemo.app/$(BUNDLE_EXECUTABLE_FOLDER_PATH)/SwErlDemo";
			};
			name = Release;
		};
		267B10112B8FE8C6006DADA1 /* Debug */ = {
			isa = XCBuildConfiguration;
			buildSettings = {
				ALWAYS_EMBED_SWIFT_STANDARD_LIBRARIES = YES;
				CODE_SIGN_STYLE = Automatic;
				CURRENT_PROJECT_VERSION = 1;
				GENERATE_INFOPLIST_FILE = YES;
				MARKETING_VERSION = 1.0;
				PRODUCT_BUNDLE_IDENTIFIER = org.barney.lee.SwErlDemoUITests;
				PRODUCT_NAME = "$(TARGET_NAME)";
				SWIFT_EMIT_LOC_STRINGS = NO;
				SWIFT_VERSION = 5.0;
				TARGETED_DEVICE_FAMILY = "1,2";
				TEST_TARGET_NAME = SwErlDemo;
			};
			name = Debug;
		};
		267B10122B8FE8C6006DADA1 /* Release */ = {
			isa = XCBuildConfiguration;
			buildSettings = {
				ALWAYS_EMBED_SWIFT_STANDARD_LIBRARIES = YES;
				CODE_SIGN_STYLE = Automatic;
				CURRENT_PROJECT_VERSION = 1;
				GENERATE_INFOPLIST_FILE = YES;
				MARKETING_VERSION = 1.0;
				PRODUCT_BUNDLE_IDENTIFIER = org.barney.lee.SwErlDemoUITests;
				PRODUCT_NAME = "$(TARGET_NAME)";
				SWIFT_EMIT_LOC_STRINGS = NO;
				SWIFT_VERSION = 5.0;
				TARGETED_DEVICE_FAMILY = "1,2";
				TEST_TARGET_NAME = SwErlDemo;
			};
			name = Release;
		};
/* End XCBuildConfiguration section */

/* Begin XCConfigurationList section */
		267B0FE12B8FE8C5006DADA1 /* Build configuration list for PBXProject "SwErlDemo" */ = {
			isa = XCConfigurationList;
			buildConfigurations = (
				267B10082B8FE8C6006DADA1 /* Debug */,
				267B10092B8FE8C6006DADA1 /* Release */,
			);
			defaultConfigurationIsVisible = 0;
			defaultConfigurationName = Release;
		};
		267B100A2B8FE8C6006DADA1 /* Build configuration list for PBXNativeTarget "SwErlDemo" */ = {
			isa = XCConfigurationList;
			buildConfigurations = (
				267B100B2B8FE8C6006DADA1 /* Debug */,
				267B100C2B8FE8C6006DADA1 /* Release */,
			);
			defaultConfigurationIsVisible = 0;
			defaultConfigurationName = Release;
		};
		267B100D2B8FE8C6006DADA1 /* Build configuration list for PBXNativeTarget "SwErlDemoTests" */ = {
			isa = XCConfigurationList;
			buildConfigurations = (
				267B100E2B8FE8C6006DADA1 /* Debug */,
				267B100F2B8FE8C6006DADA1 /* Release */,
			);
			defaultConfigurationIsVisible = 0;
			defaultConfigurationName = Release;
		};
		267B10102B8FE8C6006DADA1 /* Build configuration list for PBXNativeTarget "SwErlDemoUITests" */ = {
			isa = XCConfigurationList;
			buildConfigurations = (
				267B10112B8FE8C6006DADA1 /* Debug */,
				267B10122B8FE8C6006DADA1 /* Release */,
			);
			defaultConfigurationIsVisible = 0;
			defaultConfigurationName = Release;
		};
/* End XCConfigurationList section */

/* Begin XCRemoteSwiftPackageReference section */
		267B10142B8FE9D3006DADA1 /* XCRemoteSwiftPackageReference "SwErl" */ = {
			isa = XCRemoteSwiftPackageReference;
			repositoryURL = "https://github.com/yenrab/SwErl/";
			requirement = {
				kind = upToNextMajorVersion;
				minimumVersion = 0.9.14;
			};
		};
/* End XCRemoteSwiftPackageReference section */

/* Begin XCSwiftPackageProductDependency section */
		267B10152B8FE9D3006DADA1 /* SwErl */ = {
			isa = XCSwiftPackageProductDependency;
			package = 267B10142B8FE9D3006DADA1 /* XCRemoteSwiftPackageReference "SwErl" */;
			productName = SwErl;
		};
/* End XCSwiftPackageProductDependency section */
	};
	rootObject = 267B0FDE2B8FE8C5006DADA1 /* Project object */;
}
