// !$*UTF8*$!
{
	archiveVersion = 1;
	classes = {
	};
	objectVersion = 56;
	objects = {

/* Begin PBXBuildFile section */
		26BFE27E2BA9E2D500BA85AF /* WatchDocSim Watch App.app in Embed Watch Content */ = {isa = PBXBuildFile; fileRef = 26BFE27D2BA9E2D500BA85AF /* WatchDocSim Watch App.app */; settings = {ATTRIBUTES = (RemoveHeadersOnCopy, ); }; };
		26BFE2832BA9E2D500BA85AF /* WatchDocSimApp.swift in Sources */ = {isa = PBXBuildFile; fileRef = 26BFE2822BA9E2D500BA85AF /* WatchDocSimApp.swift */; };
		26BFE2852BA9E2D500BA85AF /* ContentView.swift in Sources */ = {isa = PBXBuildFile; fileRef = 26BFE2842BA9E2D500BA85AF /* ContentView.swift */; };
		26BFE2872BA9E2D600BA85AF /* Assets.xcassets in Resources */ = {isa = PBXBuildFile; fileRef = 26BFE2862BA9E2D600BA85AF /* Assets.xcassets */; };
		26BFE28A2BA9E2D600BA85AF /* Preview Assets.xcassets in Resources */ = {isa = PBXBuildFile; fileRef = 26BFE2892BA9E2D600BA85AF /* Preview Assets.xcassets */; };
		26BFE29E2BA9E35200BA85AF /* TriangularDistributionServer.swift in Sources */ = {isa = PBXBuildFile; fileRef = 26BFE2972BA9E35200BA85AF /* TriangularDistributionServer.swift */; };
		26BFE29F2BA9E35200BA85AF /* ProductQueueStateM.swift in Sources */ = {isa = PBXBuildFile; fileRef = 26BFE2982BA9E35200BA85AF /* ProductQueueStateM.swift */; };
		26BFE2A02BA9E35200BA85AF /* DocSimEventManagers.swift in Sources */ = {isa = PBXBuildFile; fileRef = 26BFE2992BA9E35200BA85AF /* DocSimEventManagers.swift */; };
		26BFE2A12BA9E35200BA85AF /* LoadingDockStateM.swift in Sources */ = {isa = PBXBuildFile; fileRef = 26BFE29A2BA9E35200BA85AF /* LoadingDockStateM.swift */; };
		26BFE2A22BA9E35200BA85AF /* ConveyerBelt.swift in Sources */ = {isa = PBXBuildFile; fileRef = 26BFE29B2BA9E35200BA85AF /* ConveyerBelt.swift */; };
		26BFE2A32BA9E35200BA85AF /* PersonStateM.swift in Sources */ = {isa = PBXBuildFile; fileRef = 26BFE29C2BA9E35200BA85AF /* PersonStateM.swift */; };
		26BFE2A42BA9E35200BA85AF /* TruckStateM.swift in Sources */ = {isa = PBXBuildFile; fileRef = 26BFE29D2BA9E35200BA85AF /* TruckStateM.swift */; };
		26E1BEB52BAA0DF4001D7354 /* SwErl in Frameworks */ = {isa = PBXBuildFile; productRef = 26E1BEB42BAA0DF4001D7354 /* SwErl */; };
/* End PBXBuildFile section */

/* Begin PBXContainerItemProxy section */
		26BFE27F2BA9E2D500BA85AF /* PBXContainerItemProxy */ = {
			isa = PBXContainerItemProxy;
			containerPortal = 26BFE2712BA9E2D500BA85AF /* Project object */;
			proxyType = 1;
			remoteGlobalIDString = 26BFE27C2BA9E2D500BA85AF;
			remoteInfo = "WatchDocSim Watch App";
		};
/* End PBXContainerItemProxy section */

/* Begin PBXCopyFilesBuildPhase section */
		26BFE2902BA9E2D600BA85AF /* Embed Watch Content */ = {
			isa = PBXCopyFilesBuildPhase;
			buildActionMask = 2147483647;
			dstPath = "$(CONTENTS_FOLDER_PATH)/Watch";
			dstSubfolderSpec = 16;
			files = (
				26BFE27E2BA9E2D500BA85AF /* WatchDocSim Watch App.app in Embed Watch Content */,
			);
			name = "Embed Watch Content";
			runOnlyForDeploymentPostprocessing = 0;
		};
/* End PBXCopyFilesBuildPhase section */

/* Begin PBXFileReference section */
		26BFE2772BA9E2D500BA85AF /* WatchDocSim.app */ = {isa = PBXFileReference; explicitFileType = wrapper.application; includeInIndex = 0; path = WatchDocSim.app; sourceTree = BUILT_PRODUCTS_DIR; };
		26BFE27D2BA9E2D500BA85AF /* WatchDocSim Watch App.app */ = {isa = PBXFileReference; explicitFileType = wrapper.application; includeInIndex = 0; path = "WatchDocSim Watch App.app"; sourceTree = BUILT_PRODUCTS_DIR; };
		26BFE2822BA9E2D500BA85AF /* WatchDocSimApp.swift */ = {isa = PBXFileReference; lastKnownFileType = sourcecode.swift; path = WatchDocSimApp.swift; sourceTree = "<group>"; };
		26BFE2842BA9E2D500BA85AF /* ContentView.swift */ = {isa = PBXFileReference; lastKnownFileType = sourcecode.swift; path = ContentView.swift; sourceTree = "<group>"; };
		26BFE2862BA9E2D600BA85AF /* Assets.xcassets */ = {isa = PBXFileReference; lastKnownFileType = folder.assetcatalog; path = Assets.xcassets; sourceTree = "<group>"; };
		26BFE2892BA9E2D600BA85AF /* Preview Assets.xcassets */ = {isa = PBXFileReference; lastKnownFileType = folder.assetcatalog; path = "Preview Assets.xcassets"; sourceTree = "<group>"; };
		26BFE2972BA9E35200BA85AF /* TriangularDistributionServer.swift */ = {isa = PBXFileReference; fileEncoding = 4; lastKnownFileType = sourcecode.swift; name = TriangularDistributionServer.swift; path = ../../DocSim/DocSim/TriangularDistributionServer.swift; sourceTree = "<group>"; };
		26BFE2982BA9E35200BA85AF /* ProductQueueStateM.swift */ = {isa = PBXFileReference; fileEncoding = 4; lastKnownFileType = sourcecode.swift; name = ProductQueueStateM.swift; path = ../../DocSim/DocSim/ProductQueueStateM.swift; sourceTree = "<group>"; };
		26BFE2992BA9E35200BA85AF /* DocSimEventManagers.swift */ = {isa = PBXFileReference; fileEncoding = 4; lastKnownFileType = sourcecode.swift; name = DocSimEventManagers.swift; path = ../../DocSim/DocSim/DocSimEventManagers.swift; sourceTree = "<group>"; };
		26BFE29A2BA9E35200BA85AF /* LoadingDockStateM.swift */ = {isa = PBXFileReference; fileEncoding = 4; lastKnownFileType = sourcecode.swift; name = LoadingDockStateM.swift; path = ../../DocSim/DocSim/LoadingDockStateM.swift; sourceTree = "<group>"; };
		26BFE29B2BA9E35200BA85AF /* ConveyerBelt.swift */ = {isa = PBXFileReference; fileEncoding = 4; lastKnownFileType = sourcecode.swift; name = ConveyerBelt.swift; path = ../../DocSim/DocSim/ConveyerBelt.swift; sourceTree = "<group>"; };
		26BFE29C2BA9E35200BA85AF /* PersonStateM.swift */ = {isa = PBXFileReference; fileEncoding = 4; lastKnownFileType = sourcecode.swift; name = PersonStateM.swift; path = ../../DocSim/DocSim/PersonStateM.swift; sourceTree = "<group>"; };
		26BFE29D2BA9E35200BA85AF /* TruckStateM.swift */ = {isa = PBXFileReference; fileEncoding = 4; lastKnownFileType = sourcecode.swift; name = TruckStateM.swift; path = ../../DocSim/DocSim/TruckStateM.swift; sourceTree = "<group>"; };
		26BFE2A62BA9E3A600BA85AF /* GameKit.framework */ = {isa = PBXFileReference; lastKnownFileType = wrapper.framework; name = GameKit.framework; path = Platforms/WatchOS.platform/Developer/SDKs/WatchOS10.4.sdk/System/Library/Frameworks/GameKit.framework; sourceTree = DEVELOPER_DIR; };
/* End PBXFileReference section */

/* Begin PBXFrameworksBuildPhase section */
		26BFE27A2BA9E2D500BA85AF /* Frameworks */ = {
			isa = PBXFrameworksBuildPhase;
			buildActionMask = 2147483647;
			files = (
				26E1BEB52BAA0DF4001D7354 /* SwErl in Frameworks */,
			);
			runOnlyForDeploymentPostprocessing = 0;
		};
/* End PBXFrameworksBuildPhase section */

/* Begin PBXGroup section */
		26BFE2702BA9E2D500BA85AF = {
			isa = PBXGroup;
			children = (
				26BFE2812BA9E2D500BA85AF /* WatchDocSim Watch App */,
				26BFE2782BA9E2D500BA85AF /* Products */,
				26BFE2A52BA9E3A600BA85AF /* Frameworks */,
			);
			sourceTree = "<group>";
		};
		26BFE2782BA9E2D500BA85AF /* Products */ = {
			isa = PBXGroup;
			children = (
				26BFE2772BA9E2D500BA85AF /* WatchDocSim.app */,
				26BFE27D2BA9E2D500BA85AF /* WatchDocSim Watch App.app */,
			);
			name = Products;
			sourceTree = "<group>";
		};
		26BFE2812BA9E2D500BA85AF /* WatchDocSim Watch App */ = {
			isa = PBXGroup;
			children = (
				26BFE2822BA9E2D500BA85AF /* WatchDocSimApp.swift */,
				26BFE2842BA9E2D500BA85AF /* ContentView.swift */,
				26BFE29B2BA9E35200BA85AF /* ConveyerBelt.swift */,
				26BFE2972BA9E35200BA85AF /* TriangularDistributionServer.swift */,
				26BFE2992BA9E35200BA85AF /* DocSimEventManagers.swift */,
				26BFE29A2BA9E35200BA85AF /* LoadingDockStateM.swift */,
				26BFE29C2BA9E35200BA85AF /* PersonStateM.swift */,
				26BFE2982BA9E35200BA85AF /* ProductQueueStateM.swift */,
				26BFE29D2BA9E35200BA85AF /* TruckStateM.swift */,
				26BFE2862BA9E2D600BA85AF /* Assets.xcassets */,
				26BFE2882BA9E2D600BA85AF /* Preview Content */,
			);
			path = "WatchDocSim Watch App";
			sourceTree = "<group>";
		};
		26BFE2882BA9E2D600BA85AF /* Preview Content */ = {
			isa = PBXGroup;
			children = (
				26BFE2892BA9E2D600BA85AF /* Preview Assets.xcassets */,
			);
			path = "Preview Content";
			sourceTree = "<group>";
		};
		26BFE2A52BA9E3A600BA85AF /* Frameworks */ = {
			isa = PBXGroup;
			children = (
				26BFE2A62BA9E3A600BA85AF /* GameKit.framework */,
			);
			name = Frameworks;
			sourceTree = "<group>";
		};
/* End PBXGroup section */

/* Begin PBXNativeTarget section */
		26BFE2762BA9E2D500BA85AF /* WatchDocSim */ = {
			isa = PBXNativeTarget;
			buildConfigurationList = 26BFE2912BA9E2D600BA85AF /* Build configuration list for PBXNativeTarget "WatchDocSim" */;
			buildPhases = (
				26BFE2752BA9E2D500BA85AF /* Resources */,
				26BFE2902BA9E2D600BA85AF /* Embed Watch Content */,
			);
			buildRules = (
			);
			dependencies = (
				26BFE2802BA9E2D500BA85AF /* PBXTargetDependency */,
			);
			name = WatchDocSim;
			productName = WatchDocSim;
			productReference = 26BFE2772BA9E2D500BA85AF /* WatchDocSim.app */;
			productType = "com.apple.product-type.application.watchapp2-container";
		};
		26BFE27C2BA9E2D500BA85AF /* WatchDocSim Watch App */ = {
			isa = PBXNativeTarget;
			buildConfigurationList = 26BFE28D2BA9E2D600BA85AF /* Build configuration list for PBXNativeTarget "WatchDocSim Watch App" */;
			buildPhases = (
				26BFE2792BA9E2D500BA85AF /* Sources */,
				26BFE27A2BA9E2D500BA85AF /* Frameworks */,
				26BFE27B2BA9E2D500BA85AF /* Resources */,
			);
			buildRules = (
			);
			dependencies = (
			);
			name = "WatchDocSim Watch App";
			packageProductDependencies = (
				26E1BEB42BAA0DF4001D7354 /* SwErl */,
			);
			productName = "WatchDocSim Watch App";
			productReference = 26BFE27D2BA9E2D500BA85AF /* WatchDocSim Watch App.app */;
			productType = "com.apple.product-type.application";
		};
/* End PBXNativeTarget section */

/* Begin PBXProject section */
		26BFE2712BA9E2D500BA85AF /* Project object */ = {
			isa = PBXProject;
			attributes = {
				BuildIndependentTargetsInParallel = 1;
				LastSwiftUpdateCheck = 1530;
				LastUpgradeCheck = 1530;
				TargetAttributes = {
					26BFE2762BA9E2D500BA85AF = {
						CreatedOnToolsVersion = 15.3;
					};
					26BFE27C2BA9E2D500BA85AF = {
						CreatedOnToolsVersion = 15.3;
					};
				};
			};
			buildConfigurationList = 26BFE2742BA9E2D500BA85AF /* Build configuration list for PBXProject "WatchDocSim" */;
			compatibilityVersion = "Xcode 14.0";
			developmentRegion = en;
			hasScannedForEncodings = 0;
			knownRegions = (
				en,
				Base,
			);
			mainGroup = 26BFE2702BA9E2D500BA85AF;
			packageReferences = (
				26E1BEB32BAA0DF4001D7354 /* XCRemoteSwiftPackageReference "SwErl" */,
			);
			productRefGroup = 26BFE2782BA9E2D500BA85AF /* Products */;
			projectDirPath = "";
			projectRoot = "";
			targets = (
				26BFE2762BA9E2D500BA85AF /* WatchDocSim */,
				26BFE27C2BA9E2D500BA85AF /* WatchDocSim Watch App */,
			);
		};
/* End PBXProject section */

/* Begin PBXResourcesBuildPhase section */
		26BFE2752BA9E2D500BA85AF /* Resources */ = {
			isa = PBXResourcesBuildPhase;
			buildActionMask = 2147483647;
			files = (
			);
			runOnlyForDeploymentPostprocessing = 0;
		};
		26BFE27B2BA9E2D500BA85AF /* Resources */ = {
			isa = PBXResourcesBuildPhase;
			buildActionMask = 2147483647;
			files = (
				26BFE28A2BA9E2D600BA85AF /* Preview Assets.xcassets in Resources */,
				26BFE2872BA9E2D600BA85AF /* Assets.xcassets in Resources */,
			);
			runOnlyForDeploymentPostprocessing = 0;
		};
/* End PBXResourcesBuildPhase section */

/* Begin PBXSourcesBuildPhase section */
		26BFE2792BA9E2D500BA85AF /* Sources */ = {
			isa = PBXSourcesBuildPhase;
			buildActionMask = 2147483647;
			files = (
				26BFE29E2BA9E35200BA85AF /* TriangularDistributionServer.swift in Sources */,
				26BFE2852BA9E2D500BA85AF /* ContentView.swift in Sources */,
				26BFE2A32BA9E35200BA85AF /* PersonStateM.swift in Sources */,
				26BFE2832BA9E2D500BA85AF /* WatchDocSimApp.swift in Sources */,
				26BFE2A12BA9E35200BA85AF /* LoadingDockStateM.swift in Sources */,
				26BFE2A02BA9E35200BA85AF /* DocSimEventManagers.swift in Sources */,
				26BFE29F2BA9E35200BA85AF /* ProductQueueStateM.swift in Sources */,
				26BFE2A22BA9E35200BA85AF /* ConveyerBelt.swift in Sources */,
				26BFE2A42BA9E35200BA85AF /* TruckStateM.swift in Sources */,
			);
			runOnlyForDeploymentPostprocessing = 0;
		};
/* End PBXSourcesBuildPhase section */

/* Begin PBXTargetDependency section */
		26BFE2802BA9E2D500BA85AF /* PBXTargetDependency */ = {
			isa = PBXTargetDependency;
			target = 26BFE27C2BA9E2D500BA85AF /* WatchDocSim Watch App */;
			targetProxy = 26BFE27F2BA9E2D500BA85AF /* PBXContainerItemProxy */;
		};
/* End PBXTargetDependency section */

/* Begin XCBuildConfiguration section */
		26BFE28B2BA9E2D600BA85AF /* Debug */ = {
			isa = XCBuildConfiguration;
			buildSettings = {
				ALWAYS_SEARCH_USER_PATHS = NO;
				ASSETCATALOG_COMPILER_GENERATE_SWIFT_ASSET_SYMBOL_EXTENSIONS = YES;
				CLANG_ANALYZER_NONNULL = YES;
				CLANG_ANALYZER_NUMBER_OBJECT_CONVERSION = YES_AGGRESSIVE;
				CLANG_CXX_LANGUAGE_STANDARD = "gnu++20";
				CLANG_ENABLE_MODULES = YES;
				CLANG_ENABLE_OBJC_ARC = YES;
				CLANG_ENABLE_OBJC_WEAK = YES;
				CLANG_WARN_BLOCK_CAPTURE_AUTORELEASING = YES;
				CLANG_WARN_BOOL_CONVERSION = YES;
				CLANG_WARN_COMMA = YES;
				CLANG_WARN_CONSTANT_CONVERSION = YES;
				CLANG_WARN_DEPRECATED_OBJC_IMPLEMENTATIONS = YES;
				CLANG_WARN_DIRECT_OBJC_ISA_USAGE = YES_ERROR;
				CLANG_WARN_DOCUMENTATION_COMMENTS = YES;
				CLANG_WARN_EMPTY_BODY = YES;
				CLANG_WARN_ENUM_CONVERSION = YES;
				CLANG_WARN_INFINITE_RECURSION = YES;
				CLANG_WARN_INT_CONVERSION = YES;
				CLANG_WARN_NON_LITERAL_NULL_CONVERSION = YES;
				CLANG_WARN_OBJC_IMPLICIT_RETAIN_SELF = YES;
				CLANG_WARN_OBJC_LITERAL_CONVERSION = YES;
				CLANG_WARN_OBJC_ROOT_CLASS = YES_ERROR;
				CLANG_WARN_QUOTED_INCLUDE_IN_FRAMEWORK_HEADER = YES;
				CLANG_WARN_RANGE_LOOP_ANALYSIS = YES;
				CLANG_WARN_STRICT_PROTOTYPES = YES;
				CLANG_WARN_SUSPICIOUS_MOVE = YES;
				CLANG_WARN_UNGUARDED_AVAILABILITY = YES_AGGRESSIVE;
				CLANG_WARN_UNREACHABLE_CODE = YES;
				CLANG_WARN__DUPLICATE_METHOD_MATCH = YES;
				COPY_PHASE_STRIP = NO;
				DEBUG_INFORMATION_FORMAT = dwarf;
				ENABLE_STRICT_OBJC_MSGSEND = YES;
				ENABLE_TESTABILITY = YES;
				ENABLE_USER_SCRIPT_SANDBOXING = YES;
				GCC_C_LANGUAGE_STANDARD = gnu17;
				GCC_DYNAMIC_NO_PIC = NO;
				GCC_NO_COMMON_BLOCKS = YES;
				GCC_OPTIMIZATION_LEVEL = 0;
				GCC_PREPROCESSOR_DEFINITIONS = (
					"DEBUG=1",
					"$(inherited)",
				);
				GCC_WARN_64_TO_32_BIT_CONVERSION = YES;
				GCC_WARN_ABOUT_RETURN_TYPE = YES_ERROR;
				GCC_WARN_UNDECLARED_SELECTOR = YES;
				GCC_WARN_UNINITIALIZED_AUTOS = YES_AGGRESSIVE;
				GCC_WARN_UNUSED_FUNCTION = YES;
				GCC_WARN_UNUSED_VARIABLE = YES;
				LOCALIZATION_PREFERS_STRING_CATALOGS = YES;
				MTL_ENABLE_DEBUG_INFO = INCLUDE_SOURCE;
				MTL_FAST_MATH = YES;
				ONLY_ACTIVE_ARCH = YES;
				SWIFT_ACTIVE_COMPILATION_CONDITIONS = "DEBUG $(inherited)";
				SWIFT_OPTIMIZATION_LEVEL = "-Onone";
			};
			name = Debug;
		};
		26BFE28C2BA9E2D600BA85AF /* Release */ = {
			isa = XCBuildConfiguration;
			buildSettings = {
				ALWAYS_SEARCH_USER_PATHS = NO;
				ASSETCATALOG_COMPILER_GENERATE_SWIFT_ASSET_SYMBOL_EXTENSIONS = YES;
				CLANG_ANALYZER_NONNULL = YES;
				CLANG_ANALYZER_NUMBER_OBJECT_CONVERSION = YES_AGGRESSIVE;
				CLANG_CXX_LANGUAGE_STANDARD = "gnu++20";
				CLANG_ENABLE_MODULES = YES;
				CLANG_ENABLE_OBJC_ARC = YES;
				CLANG_ENABLE_OBJC_WEAK = YES;
				CLANG_WARN_BLOCK_CAPTURE_AUTORELEASING = YES;
				CLANG_WARN_BOOL_CONVERSION = YES;
				CLANG_WARN_COMMA = YES;
				CLANG_WARN_CONSTANT_CONVERSION = YES;
				CLANG_WARN_DEPRECATED_OBJC_IMPLEMENTATIONS = YES;
				CLANG_WARN_DIRECT_OBJC_ISA_USAGE = YES_ERROR;
				CLANG_WARN_DOCUMENTATION_COMMENTS = YES;
				CLANG_WARN_EMPTY_BODY = YES;
				CLANG_WARN_ENUM_CONVERSION = YES;
				CLANG_WARN_INFINITE_RECURSION = YES;
				CLANG_WARN_INT_CONVERSION = YES;
				CLANG_WARN_NON_LITERAL_NULL_CONVERSION = YES;
				CLANG_WARN_OBJC_IMPLICIT_RETAIN_SELF = YES;
				CLANG_WARN_OBJC_LITERAL_CONVERSION = YES;
				CLANG_WARN_OBJC_ROOT_CLASS = YES_ERROR;
				CLANG_WARN_QUOTED_INCLUDE_IN_FRAMEWORK_HEADER = YES;
				CLANG_WARN_RANGE_LOOP_ANALYSIS = YES;
				CLANG_WARN_STRICT_PROTOTYPES = YES;
				CLANG_WARN_SUSPICIOUS_MOVE = YES;
				CLANG_WARN_UNGUARDED_AVAILABILITY = YES_AGGRESSIVE;
				CLANG_WARN_UNREACHABLE_CODE = YES;
				CLANG_WARN__DUPLICATE_METHOD_MATCH = YES;
				COPY_PHASE_STRIP = NO;
				DEBUG_INFORMATION_FORMAT = "dwarf-with-dsym";
				ENABLE_NS_ASSERTIONS = NO;
				ENABLE_STRICT_OBJC_MSGSEND = YES;
				ENABLE_USER_SCRIPT_SANDBOXING = YES;
				GCC_C_LANGUAGE_STANDARD = gnu17;
				GCC_NO_COMMON_BLOCKS = YES;
				GCC_WARN_64_TO_32_BIT_CONVERSION = YES;
				GCC_WARN_ABOUT_RETURN_TYPE = YES_ERROR;
				GCC_WARN_UNDECLARED_SELECTOR = YES;
				GCC_WARN_UNINITIALIZED_AUTOS = YES_AGGRESSIVE;
				GCC_WARN_UNUSED_FUNCTION = YES;
				GCC_WARN_UNUSED_VARIABLE = YES;
				LOCALIZATION_PREFERS_STRING_CATALOGS = YES;
				MTL_ENABLE_DEBUG_INFO = NO;
				MTL_FAST_MATH = YES;
				SWIFT_COMPILATION_MODE = wholemodule;
			};
			name = Release;
		};
		26BFE28E2BA9E2D600BA85AF /* Debug */ = {
			isa = XCBuildConfiguration;
			buildSettings = {
				ASSETCATALOG_COMPILER_APPICON_NAME = AppIcon;
				ASSETCATALOG_COMPILER_GLOBAL_ACCENT_COLOR_NAME = AccentColor;
				CODE_SIGN_STYLE = Automatic;
				CURRENT_PROJECT_VERSION = 1;
				DEVELOPMENT_ASSET_PATHS = "\"WatchDocSim Watch App/Preview Content\"";
				ENABLE_PREVIEWS = YES;
				GENERATE_INFOPLIST_FILE = YES;
				INFOPLIST_KEY_CFBundleDisplayName = WatchDocSim;
				INFOPLIST_KEY_UISupportedInterfaceOrientations = "UIInterfaceOrientationPortrait UIInterfaceOrientationPortraitUpsideDown";
				INFOPLIST_KEY_WKWatchOnly = YES;
				LD_RUNPATH_SEARCH_PATHS = (
					"$(inherited)",
					"@executable_path/Frameworks",
				);
				MARKETING_VERSION = 1.0;
				PRODUCT_BUNDLE_IDENTIFIER = org.swerl.WatchDocSim.watchkitapp;
				PRODUCT_NAME = "$(TARGET_NAME)";
				SDKROOT = watchos;
				SKIP_INSTALL = YES;
				SWIFT_EMIT_LOC_STRINGS = YES;
				SWIFT_VERSION = 5.0;
				TARGETED_DEVICE_FAMILY = 4;
				WATCHOS_DEPLOYMENT_TARGET = 10.4;
			};
			name = Debug;
		};
		26BFE28F2BA9E2D600BA85AF /* Release */ = {
			isa = XCBuildConfiguration;
			buildSettings = {
				ASSETCATALOG_COMPILER_APPICON_NAME = AppIcon;
				ASSETCATALOG_COMPILER_GLOBAL_ACCENT_COLOR_NAME = AccentColor;
				CODE_SIGN_STYLE = Automatic;
				CURRENT_PROJECT_VERSION = 1;
				DEVELOPMENT_ASSET_PATHS = "\"WatchDocSim Watch App/Preview Content\"";
				ENABLE_PREVIEWS = YES;
				GENERATE_INFOPLIST_FILE = YES;
				INFOPLIST_KEY_CFBundleDisplayName = WatchDocSim;
				INFOPLIST_KEY_UISupportedInterfaceOrientations = "UIInterfaceOrientationPortrait UIInterfaceOrientationPortraitUpsideDown";
				INFOPLIST_KEY_WKWatchOnly = YES;
				LD_RUNPATH_SEARCH_PATHS = (
					"$(inherited)",
					"@executable_path/Frameworks",
				);
				MARKETING_VERSION = 1.0;
				PRODUCT_BUNDLE_IDENTIFIER = org.swerl.WatchDocSim.watchkitapp;
				PRODUCT_NAME = "$(TARGET_NAME)";
				SDKROOT = watchos;
				SKIP_INSTALL = YES;
				SWIFT_EMIT_LOC_STRINGS = YES;
				SWIFT_VERSION = 5.0;
				TARGETED_DEVICE_FAMILY = 4;
				VALIDATE_PRODUCT = YES;
				WATCHOS_DEPLOYMENT_TARGET = 10.4;
			};
			name = Release;
		};
		26BFE2922BA9E2D600BA85AF /* Debug */ = {
			isa = XCBuildConfiguration;
			buildSettings = {
				ALWAYS_EMBED_SWIFT_STANDARD_LIBRARIES = YES;
				CODE_SIGN_STYLE = Automatic;
				CURRENT_PROJECT_VERSION = 1;
				INFOPLIST_KEY_CFBundleDisplayName = WatchDocSim;
				MARKETING_VERSION = 1.0;
				PRODUCT_BUNDLE_IDENTIFIER = org.swerl.WatchDocSim;
				PRODUCT_NAME = "$(TARGET_NAME)";
				SDKROOT = iphoneos;
				SWIFT_VERSION = 5.0;
			};
			name = Debug;
		};
		26BFE2932BA9E2D600BA85AF /* Release */ = {
			isa = XCBuildConfiguration;
			buildSettings = {
				ALWAYS_EMBED_SWIFT_STANDARD_LIBRARIES = YES;
				CODE_SIGN_STYLE = Automatic;
				CURRENT_PROJECT_VERSION = 1;
				INFOPLIST_KEY_CFBundleDisplayName = WatchDocSim;
				MARKETING_VERSION = 1.0;
				PRODUCT_BUNDLE_IDENTIFIER = org.swerl.WatchDocSim;
				PRODUCT_NAME = "$(TARGET_NAME)";
				SDKROOT = iphoneos;
				SWIFT_VERSION = 5.0;
				VALIDATE_PRODUCT = YES;
			};
			name = Release;
		};
/* End XCBuildConfiguration section */

/* Begin XCConfigurationList section */
		26BFE2742BA9E2D500BA85AF /* Build configuration list for PBXProject "WatchDocSim" */ = {
			isa = XCConfigurationList;
			buildConfigurations = (
				26BFE28B2BA9E2D600BA85AF /* Debug */,
				26BFE28C2BA9E2D600BA85AF /* Release */,
			);
			defaultConfigurationIsVisible = 0;
			defaultConfigurationName = Release;
		};
		26BFE28D2BA9E2D600BA85AF /* Build configuration list for PBXNativeTarget "WatchDocSim Watch App" */ = {
			isa = XCConfigurationList;
			buildConfigurations = (
				26BFE28E2BA9E2D600BA85AF /* Debug */,
				26BFE28F2BA9E2D600BA85AF /* Release */,
			);
			defaultConfigurationIsVisible = 0;
			defaultConfigurationName = Release;
		};
		26BFE2912BA9E2D600BA85AF /* Build configuration list for PBXNativeTarget "WatchDocSim" */ = {
			isa = XCConfigurationList;
			buildConfigurations = (
				26BFE2922BA9E2D600BA85AF /* Debug */,
				26BFE2932BA9E2D600BA85AF /* Release */,
			);
			defaultConfigurationIsVisible = 0;
			defaultConfigurationName = Release;
		};
/* End XCConfigurationList section */

/* Begin XCRemoteSwiftPackageReference section */
		26E1BEB32BAA0DF4001D7354 /* XCRemoteSwiftPackageReference "SwErl" */ = {
			isa = XCRemoteSwiftPackageReference;
			repositoryURL = "https://github.com/inter-erlang/SwErl";
			requirement = {
				kind = upToNextMajorVersion;
				minimumVersion = 0.9.20;
			};
		};
/* End XCRemoteSwiftPackageReference section */

/* Begin XCSwiftPackageProductDependency section */
		26E1BEB42BAA0DF4001D7354 /* SwErl */ = {
			isa = XCSwiftPackageProductDependency;
			package = 26E1BEB32BAA0DF4001D7354 /* XCRemoteSwiftPackageReference "SwErl" */;
			productName = SwErl;
		};
/* End XCSwiftPackageProductDependency section */
	};
	rootObject = 26BFE2712BA9E2D500BA85AF /* Project object */;
}
